// !$*UTF8*$!
{
	archiveVersion = 1;
	classes = {
	};
	objectVersion = 52;
	objects = {

/* Begin PBXBuildFile section */
		87A5D8EF230803A40096BD32 /* AppDelegate.swift in Sources */ = {isa = PBXBuildFile; fileRef = 87A5D8EE230803A40096BD32 /* AppDelegate.swift */; };
		87A5D8F1230803A40096BD32 /* ContentView.swift in Sources */ = {isa = PBXBuildFile; fileRef = 87A5D8F0230803A40096BD32 /* ContentView.swift */; };
		87A5D8F3230803A60096BD32 /* Assets.xcassets in Resources */ = {isa = PBXBuildFile; fileRef = 87A5D8F2230803A60096BD32 /* Assets.xcassets */; };
		87A5D8F6230803A60096BD32 /* Preview Assets.xcassets in Resources */ = {isa = PBXBuildFile; fileRef = 87A5D8F5230803A60096BD32 /* Preview Assets.xcassets */; };
		87A5D8F9230803A60096BD32 /* LaunchScreen.storyboard in Resources */ = {isa = PBXBuildFile; fileRef = 87A5D8F7230803A60096BD32 /* LaunchScreen.storyboard */; };
		87A5D902230803C10096BD32 /* SkeletonUI in Frameworks */ = {isa = PBXBuildFile; productRef = 87A5D901230803C10096BD32 /* SkeletonUI */; };
/* End PBXBuildFile section */

/* Begin PBXFileReference section */
		87A5D8EB230803A40096BD32 /* SkeletonUI-tvOS.app */ = {isa = PBXFileReference; explicitFileType = wrapper.application; includeInIndex = 0; path = "SkeletonUI-tvOS.app"; sourceTree = BUILT_PRODUCTS_DIR; };
		87A5D8EE230803A40096BD32 /* AppDelegate.swift */ = {isa = PBXFileReference; lastKnownFileType = sourcecode.swift; path = AppDelegate.swift; sourceTree = "<group>"; };
		87A5D8F0230803A40096BD32 /* ContentView.swift */ = {isa = PBXFileReference; lastKnownFileType = sourcecode.swift; path = ContentView.swift; sourceTree = "<group>"; };
		87A5D8F2230803A60096BD32 /* Assets.xcassets */ = {isa = PBXFileReference; lastKnownFileType = folder.assetcatalog; path = Assets.xcassets; sourceTree = "<group>"; };
		87A5D8F5230803A60096BD32 /* Preview Assets.xcassets */ = {isa = PBXFileReference; lastKnownFileType = folder.assetcatalog; path = "Preview Assets.xcassets"; sourceTree = "<group>"; };
		87A5D8F8230803A60096BD32 /* Base */ = {isa = PBXFileReference; lastKnownFileType = file.storyboard; name = Base; path = Base.lproj/LaunchScreen.storyboard; sourceTree = "<group>"; };
		87A5D8FA230803A60096BD32 /* Info.plist */ = {isa = PBXFileReference; lastKnownFileType = text.plist.xml; path = Info.plist; sourceTree = "<group>"; };
/* End PBXFileReference section */

/* Begin PBXFrameworksBuildPhase section */
		87A5D8E8230803A40096BD32 /* Frameworks */ = {
			isa = PBXFrameworksBuildPhase;
			buildActionMask = 2147483647;
			files = (
				87A5D902230803C10096BD32 /* SkeletonUI in Frameworks */,
			);
			runOnlyForDeploymentPostprocessing = 0;
		};
/* End PBXFrameworksBuildPhase section */

/* Begin PBXGroup section */
		87A5D8E2230803A40096BD32 = {
			isa = PBXGroup;
			children = (
				87A5D8ED230803A40096BD32 /* SkeletonUI-tvOS */,
				87A5D8EC230803A40096BD32 /* Products */,
				87A5D900230803C10096BD32 /* Frameworks */,
			);
			sourceTree = "<group>";
		};
		87A5D8EC230803A40096BD32 /* Products */ = {
			isa = PBXGroup;
			children = (
				87A5D8EB230803A40096BD32 /* SkeletonUI-tvOS.app */,
			);
			name = Products;
			sourceTree = "<group>";
		};
		87A5D8ED230803A40096BD32 /* SkeletonUI-tvOS */ = {
			isa = PBXGroup;
			children = (
				87A5D8EE230803A40096BD32 /* AppDelegate.swift */,
				87A5D8F0230803A40096BD32 /* ContentView.swift */,
				87A5D8F2230803A60096BD32 /* Assets.xcassets */,
				87A5D8F7230803A60096BD32 /* LaunchScreen.storyboard */,
				87A5D8FA230803A60096BD32 /* Info.plist */,
				87A5D8F4230803A60096BD32 /* Preview Content */,
			);
			path = "SkeletonUI-tvOS";
			sourceTree = "<group>";
		};
		87A5D8F4230803A60096BD32 /* Preview Content */ = {
			isa = PBXGroup;
			children = (
				87A5D8F5230803A60096BD32 /* Preview Assets.xcassets */,
			);
			path = "Preview Content";
			sourceTree = "<group>";
		};
		87A5D900230803C10096BD32 /* Frameworks */ = {
			isa = PBXGroup;
			children = (
			);
			name = Frameworks;
			sourceTree = "<group>";
		};
/* End PBXGroup section */

/* Begin PBXNativeTarget section */
		87A5D8EA230803A40096BD32 /* SkeletonUI-tvOS */ = {
			isa = PBXNativeTarget;
			buildConfigurationList = 87A5D8FD230803A60096BD32 /* Build configuration list for PBXNativeTarget "SkeletonUI-tvOS" */;
			buildPhases = (
				87A5D8E7230803A40096BD32 /* Sources */,
				87A5D8E8230803A40096BD32 /* Frameworks */,
				87A5D8E9230803A40096BD32 /* Resources */,
			);
			buildRules = (
			);
			dependencies = (
			);
			name = "SkeletonUI-tvOS";
			packageProductDependencies = (
				87A5D901230803C10096BD32 /* SkeletonUI */,
			);
			productName = "SkeletonUI-tvOS";
			productReference = 87A5D8EB230803A40096BD32 /* SkeletonUI-tvOS.app */;
			productType = "com.apple.product-type.application";
		};
/* End PBXNativeTarget section */

/* Begin PBXProject section */
		87A5D8E3230803A40096BD32 /* Project object */ = {
			isa = PBXProject;
			attributes = {
				LastSwiftUpdateCheck = 1100;
				LastUpgradeCheck = 1100;
				ORGANIZATIONNAME = "C. S. M.";
				TargetAttributes = {
					87A5D8EA230803A40096BD32 = {
						CreatedOnToolsVersion = 11.0;
					};
				};
			};
			buildConfigurationList = 87A5D8E6230803A40096BD32 /* Build configuration list for PBXProject "SkeletonUI-tvOS" */;
			compatibilityVersion = "Xcode 9.3";
			developmentRegion = en;
			hasScannedForEncodings = 0;
			knownRegions = (
				en,
				Base,
			);
			mainGroup = 87A5D8E2230803A40096BD32;
			productRefGroup = 87A5D8EC230803A40096BD32 /* Products */;
			projectDirPath = "";
			projectRoot = "";
			targets = (
				87A5D8EA230803A40096BD32 /* SkeletonUI-tvOS */,
			);
		};
/* End PBXProject section */

/* Begin PBXResourcesBuildPhase section */
		87A5D8E9230803A40096BD32 /* Resources */ = {
			isa = PBXResourcesBuildPhase;
			buildActionMask = 2147483647;
			files = (
				87A5D8F9230803A60096BD32 /* LaunchScreen.storyboard in Resources */,
				87A5D8F6230803A60096BD32 /* Preview Assets.xcassets in Resources */,
				87A5D8F3230803A60096BD32 /* Assets.xcassets in Resources */,
			);
			runOnlyForDeploymentPostprocessing = 0;
		};
/* End PBXResourcesBuildPhase section */

/* Begin PBXSourcesBuildPhase section */
		87A5D8E7230803A40096BD32 /* Sources */ = {
			isa = PBXSourcesBuildPhase;
			buildActionMask = 2147483647;
			files = (
				87A5D8F1230803A40096BD32 /* ContentView.swift in Sources */,
				87A5D8EF230803A40096BD32 /* AppDelegate.swift in Sources */,
			);
			runOnlyForDeploymentPostprocessing = 0;
		};
/* End PBXSourcesBuildPhase section */

/* Begin PBXVariantGroup section */
		87A5D8F7230803A60096BD32 /* LaunchScreen.storyboard */ = {
			isa = PBXVariantGroup;
			children = (
				87A5D8F8230803A60096BD32 /* Base */,
			);
			name = LaunchScreen.storyboard;
			sourceTree = "<group>";
		};
/* End PBXVariantGroup section */

/* Begin XCBuildConfiguration section */
		87A5D8FB230803A60096BD32 /* Debug */ = {
			isa = XCBuildConfiguration;
			buildSettings = {
				ALWAYS_SEARCH_USER_PATHS = NO;
				CLANG_ANALYZER_NONNULL = YES;
				CLANG_ANALYZER_NUMBER_OBJECT_CONVERSION = YES_AGGRESSIVE;
				CLANG_CXX_LANGUAGE_STANDARD = "gnu++14";
				CLANG_CXX_LIBRARY = "libc++";
				CLANG_ENABLE_MODULES = YES;
				CLANG_ENABLE_OBJC_ARC = YES;
				CLANG_ENABLE_OBJC_WEAK = YES;
				CLANG_WARN_BLOCK_CAPTURE_AUTORELEASING = YES;
				CLANG_WARN_BOOL_CONVERSION = YES;
				CLANG_WARN_COMMA = YES;
				CLANG_WARN_CONSTANT_CONVERSION = YES;
				CLANG_WARN_DEPRECATED_OBJC_IMPLEMENTATIONS = YES;
				CLANG_WARN_DIRECT_OBJC_ISA_USAGE = YES_ERROR;
				CLANG_WARN_DOCUMENTATION_COMMENTS = YES;
				CLANG_WARN_EMPTY_BODY = YES;
				CLANG_WARN_ENUM_CONVERSION = YES;
				CLANG_WARN_INFINITE_RECURSION = YES;
				CLANG_WARN_INT_CONVERSION = YES;
				CLANG_WARN_NON_LITERAL_NULL_CONVERSION = YES;
				CLANG_WARN_OBJC_IMPLICIT_RETAIN_SELF = YES;
				CLANG_WARN_OBJC_LITERAL_CONVERSION = YES;
				CLANG_WARN_OBJC_ROOT_CLASS = YES_ERROR;
				CLANG_WARN_RANGE_LOOP_ANALYSIS = YES;
				CLANG_WARN_STRICT_PROTOTYPES = YES;
				CLANG_WARN_SUSPICIOUS_MOVE = YES;
				CLANG_WARN_UNGUARDED_AVAILABILITY = YES_AGGRESSIVE;
				CLANG_WARN_UNREACHABLE_CODE = YES;
				CLANG_WARN__DUPLICATE_METHOD_MATCH = YES;
				COPY_PHASE_STRIP = NO;
				DEBUG_INFORMATION_FORMAT = dwarf;
				ENABLE_STRICT_OBJC_MSGSEND = YES;
				ENABLE_TESTABILITY = YES;
				GCC_C_LANGUAGE_STANDARD = gnu11;
				GCC_DYNAMIC_NO_PIC = NO;
				GCC_NO_COMMON_BLOCKS = YES;
				GCC_OPTIMIZATION_LEVEL = 0;
				GCC_PREPROCESSOR_DEFINITIONS = (
					"DEBUG=1",
					"$(inherited)",
				);
				GCC_WARN_64_TO_32_BIT_CONVERSION = YES;
				GCC_WARN_ABOUT_RETURN_TYPE = YES_ERROR;
				GCC_WARN_UNDECLARED_SELECTOR = YES;
				GCC_WARN_UNINITIALIZED_AUTOS = YES_AGGRESSIVE;
				GCC_WARN_UNUSED_FUNCTION = YES;
				GCC_WARN_UNUSED_VARIABLE = YES;
				MTL_ENABLE_DEBUG_INFO = INCLUDE_SOURCE;
				MTL_FAST_MATH = YES;
				ONLY_ACTIVE_ARCH = YES;
				SDKROOT = appletvos;
				SWIFT_ACTIVE_COMPILATION_CONDITIONS = DEBUG;
				SWIFT_OPTIMIZATION_LEVEL = "-Onone";
				TVOS_DEPLOYMENT_TARGET = 13.0;
			};
			name = Debug;
		};
		87A5D8FC230803A60096BD32 /* Release */ = {
			isa = XCBuildConfiguration;
			buildSettings = {
				ALWAYS_SEARCH_USER_PATHS = NO;
				CLANG_ANALYZER_NONNULL = YES;
				CLANG_ANALYZER_NUMBER_OBJECT_CONVERSION = YES_AGGRESSIVE;
				CLANG_CXX_LANGUAGE_STANDARD = "gnu++14";
				CLANG_CXX_LIBRARY = "libc++";
				CLANG_ENABLE_MODULES = YES;
				CLANG_ENABLE_OBJC_ARC = YES;
				CLANG_ENABLE_OBJC_WEAK = YES;
				CLANG_WARN_BLOCK_CAPTURE_AUTORELEASING = YES;
				CLANG_WARN_BOOL_CONVERSION = YES;
				CLANG_WARN_COMMA = YES;
				CLANG_WARN_CONSTANT_CONVERSION = YES;
				CLANG_WARN_DEPRECATED_OBJC_IMPLEMENTATIONS = YES;
				CLANG_WARN_DIRECT_OBJC_ISA_USAGE = YES_ERROR;
				CLANG_WARN_DOCUMENTATION_COMMENTS = YES;
				CLANG_WARN_EMPTY_BODY = YES;
				CLANG_WARN_ENUM_CONVERSION = YES;
				CLANG_WARN_INFINITE_RECURSION = YES;
				CLANG_WARN_INT_CONVERSION = YES;
				CLANG_WARN_NON_LITERAL_NULL_CONVERSION = YES;
				CLANG_WARN_OBJC_IMPLICIT_RETAIN_SELF = YES;
				CLANG_WARN_OBJC_LITERAL_CONVERSION = YES;
				CLANG_WARN_OBJC_ROOT_CLASS = YES_ERROR;
				CLANG_WARN_RANGE_LOOP_ANALYSIS = YES;
				CLANG_WARN_STRICT_PROTOTYPES = YES;
				CLANG_WARN_SUSPICIOUS_MOVE = YES;
				CLANG_WARN_UNGUARDED_AVAILABILITY = YES_AGGRESSIVE;
				CLANG_WARN_UNREACHABLE_CODE = YES;
				CLANG_WARN__DUPLICATE_METHOD_MATCH = YES;
				COPY_PHASE_STRIP = NO;
				DEBUG_INFORMATION_FORMAT = "dwarf-with-dsym";
				ENABLE_NS_ASSERTIONS = NO;
				ENABLE_STRICT_OBJC_MSGSEND = YES;
				GCC_C_LANGUAGE_STANDARD = gnu11;
				GCC_NO_COMMON_BLOCKS = YES;
				GCC_WARN_64_TO_32_BIT_CONVERSION = YES;
				GCC_WARN_ABOUT_RETURN_TYPE = YES_ERROR;
				GCC_WARN_UNDECLARED_SELECTOR = YES;
				GCC_WARN_UNINITIALIZED_AUTOS = YES_AGGRESSIVE;
				GCC_WARN_UNUSED_FUNCTION = YES;
				GCC_WARN_UNUSED_VARIABLE = YES;
				MTL_ENABLE_DEBUG_INFO = NO;
				MTL_FAST_MATH = YES;
				SDKROOT = appletvos;
				SWIFT_COMPILATION_MODE = wholemodule;
				SWIFT_OPTIMIZATION_LEVEL = "-O";
				TVOS_DEPLOYMENT_TARGET = 13.0;
				VALIDATE_PRODUCT = YES;
			};
			name = Release;
		};
		87A5D8FE230803A60096BD32 /* Debug */ = {
			isa = XCBuildConfiguration;
			buildSettings = {
				ASSETCATALOG_COMPILER_APPICON_NAME = "App Icon & Top Shelf Image";
				CODE_SIGN_STYLE = Automatic;
				DEVELOPMENT_ASSET_PATHS = "SkeletonUI-tvOS/Preview\\ Content";
				DEVELOPMENT_TEAM = LBHLZC347V;
				ENABLE_PREVIEWS = YES;
				INFOPLIST_FILE = "SkeletonUI-tvOS/Info.plist";
				LD_RUNPATH_SEARCH_PATHS = (
					"$(inherited)",
					"@executable_path/Frameworks",
				);
				PRODUCT_BUNDLE_IDENTIFIER = "io.csolanam.SkeletonUI-tvOS";
				PRODUCT_NAME = "$(TARGET_NAME)";
				SWIFT_VERSION = 5.0;
				TARGETED_DEVICE_FAMILY = 3;
			};
			name = Debug;
		};
		87A5D8FF230803A60096BD32 /* Release */ = {
			isa = XCBuildConfiguration;
			buildSettings = {
				ASSETCATALOG_COMPILER_APPICON_NAME = "App Icon & Top Shelf Image";
				CODE_SIGN_STYLE = Automatic;
				DEVELOPMENT_ASSET_PATHS = "SkeletonUI-tvOS/Preview\\ Content";
				DEVELOPMENT_TEAM = LBHLZC347V;
				ENABLE_PREVIEWS = YES;
				INFOPLIST_FILE = "SkeletonUI-tvOS/Info.plist";
				LD_RUNPATH_SEARCH_PATHS = (
					"$(inherited)",
					"@executable_path/Frameworks",
				);
				PRODUCT_BUNDLE_IDENTIFIER = "io.csolanam.SkeletonUI-tvOS";
				PRODUCT_NAME = "$(TARGET_NAME)";
				SWIFT_VERSION = 5.0;
				TARGETED_DEVICE_FAMILY = 3;
			};
			name = Release;
		};
/* End XCBuildConfiguration section */

/* Begin XCConfigurationList section */
		87A5D8E6230803A40096BD32 /* Build configuration list for PBXProject "SkeletonUI-tvOS" */ = {
			isa = XCConfigurationList;
			buildConfigurations = (
				87A5D8FB230803A60096BD32 /* Debug */,
				87A5D8FC230803A60096BD32 /* Release */,
			);
			defaultConfigurationIsVisible = 0;
			defaultConfigurationName = Release;
		};
		87A5D8FD230803A60096BD32 /* Build configuration list for PBXNativeTarget "SkeletonUI-tvOS" */ = {
			isa = XCConfigurationList;
			buildConfigurations = (
				87A5D8FE230803A60096BD32 /* Debug */,
				87A5D8FF230803A60096BD32 /* Release */,
			);
			defaultConfigurationIsVisible = 0;
			defaultConfigurationName = Release;
		};
/* End XCConfigurationList section */

/* Begin XCSwiftPackageProductDependency section */
		87A5D901230803C10096BD32 /* SkeletonUI */ = {
			isa = XCSwiftPackageProductDependency;
			productName = SkeletonUI;
		};
/* End XCSwiftPackageProductDependency section */
	};
	rootObject = 87A5D8E3230803A40096BD32 /* Project object */;
}
